{
  "nodes": {
    "bulma": {
      "flake": false,
      "locked": {
        "lastModified": 1655546553,
        "narHash": "sha256-/gM09jG/LYaAa73UulZBn+Cd6K3gBVqVHONz4Ozaw1w=",
        "ref": "master",
        "rev": "644542a3c838b6569bbc1b13547b436b755c0714",
        "revCount": 1694,
        "type": "git",
        "url": "https://github.com/jgthms/bulma/"
      },
      "original": {
        "type": "git",
        "url": "https://github.com/jgthms/bulma/"
      }
    },
    "flake-utils": {
      "locked": {
        "lastModified": 1653893745,
        "narHash": "sha256-0jntwV3Z8//YwuOjzhV2sgJJPt+HY6KhU7VZUL0fKZQ=",
        "owner": "numtide",
        "repo": "flake-utils",
        "rev": "1ed9fb1935d260de5fe1c2f7ee0ebaae17ed2fa1",
        "type": "github"
      },
      "original": {
        "owner": "numtide",
        "repo": "flake-utils",
        "type": "github"
      }
    },
    "nixpkgs": {
      "locked": {
        "lastModified": 1655753060,
        "narHash": "sha256-84y6seSeIbLLsflY+JyBJvasp9OI74uQX3cZ56P901E=",
        "owner": "nixos",
        "repo": "nixpkgs",
        "rev": "937bef0ae78fbf71cb63a532259a7504c318757f",
        "type": "github"
      },
      "original": {
        "owner": "nixos",
        "repo": "nixpkgs",
        "type": "github"
      }
    },
    "root": {
      "inputs": {
        "bulma": "bulma",
        "flake-utils": "flake-utils",
        "nixpkgs": "nixpkgs"
      }
    }
  },
  "root": "root",
  "version": 7
}
